{
  "name": "LearnNaiveUI",
  "lockfileVersion": 3,
  "requires": true,
  "packages": {
    "": {
      "dependencies": {
        "@vicons/material": "^0.13.0"
      }
    },
    "node_modules/@vicons/material": {
      "version": "0.13.0",
      "resolved": "https://registry.npmmirror.com/@vicons/material/-/material-0.13.0.tgz",
      "integrity": "sha512-lKVxFNprM+CaBkUH3gt6VjIeiMsKQl2zARQMwTCZruQl2vRHzyeZiKeCflWS99CEfv2JzX/6y697smxlzyxcVw=="
    }
  }
}
