
Microsoft Visual Studio Solution File, Format Version 12.00
# Visual Studio Version 16
VisualStudioVersion = 16.0.32929.386
MinimumVisualStudioVersion = 10.0.40219.1
Project("{8BC9CEB8-8B4A-11D0-8D11-00A0C91BC942}") = "CPPDll", "CPPDll\CPPDll.vcxproj", "{49720FD8-2A42-492C-835F-908C48E9CE67}"
EndProject
Project("{8BC9CEB8-8B4A-11D0-8D11-00A0C91BC942}") = "UseDll", "UseDll\UseDll.vcxproj", "{3CEA6C8E-F518-43F3-AC16-1A8347AECC9E}"
EndProject
Project("{8BC9CEB8-8B4A-11D0-8D11-00A0C91BC942}") = "ClassDll", "ClassDll\ClassDll.vcxproj", "{998F4B8A-6389-4F32-8977-7B6C6FA13462}"
EndProject
Project("{8BC9CEB8-8B4A-11D0-8D11-00A0C91BC942}") = "UseClassDll", "UseClassDll\UseClassDll.vcxproj", "{7619BEBA-684F-49BE-AB02-0E2608501993}"
EndProject
Project("{8BC9CEB8-8B4A-11D0-8D11-00A0C91BC942}") = "MeshCombined", "MeshCombined\MeshCombined.vcxproj", "{14B66485-B0DD-43E6-BC4F-18011112E18E}"
EndProject
Project("{8BC9CEB8-8B4A-11D0-8D11-00A0C91BC942}") = "Semaphore", "Semaphore\Semaphore.vcxproj", "{FEE2FCB8-CCAD-4389-9F86-3D54BB0A9235}"
EndProject
Project("{8BC9CEB8-8B4A-11D0-8D11-00A0C91BC942}") = "MultiThread", "MultiThread\MultiThread.vcxproj", "{D359E5B4-5530-4560-8AA5-972200939EEA}"
EndProject
Project("{8BC9CEB8-8B4A-11D0-8D11-00A0C91BC942}") = "Type", "Type\Type.vcxproj", "{6357F0EA-13F0-4F74-A3D3-AB86652FF88F}"
EndProject
Project("{8BC9CEB8-8B4A-11D0-8D11-00A0C91BC942}") = "ComputerGraphics", "ComputerGraphics\ComputerGraphics.vcxproj", "{40277F6B-6A2B-4318-83D6-71E203D7D487}"
EndProject
Project("{2150E333-8FDC-42A3-9474-1A3956D46DE8}") = "Solution Items", "Solution Items", "{3658E8FD-338C-40F2-883F-8D0184B06931}"
	ProjectSection(SolutionItems) = preProject
		.editorconfig = .editorconfig
	EndProjectSection
EndProject
Project("{8BC9CEB8-8B4A-11D0-8D11-00A0C91BC942}") = "RegExp", "RegExp\RegExp.vcxproj", "{04246843-A6C8-4444-AA63-6D2FEA097E43}"
EndProject
Project("{8BC9CEB8-8B4A-11D0-8D11-00A0C91BC942}") = "UseOpenCV", "UseOpenCV\UseOpenCV.vcxproj", "{1E3879AB-E400-4482-BBC9-014F991B2BB5}"
EndProject
Project("{8BC9CEB8-8B4A-11D0-8D11-00A0C91BC942}") = "Empty", "Empty\Empty.vcxproj", "{9BB2B656-D6D4-49F2-B4F8-DF3BD36E1ADB}"
EndProject
Project("{8BC9CEB8-8B4A-11D0-8D11-00A0C91BC942}") = "JsonParse", "JsonParse\JsonParse.vcxproj", "{56B78232-EAE1-49AB-A929-CC01E918A7E8}"
EndProject
Project("{8BC9CEB8-8B4A-11D0-8D11-00A0C91BC942}") = "SeperateClassImplementation", "SeperateClassImplementation\SeperateClassImplementation.vcxproj", "{24E54B62-1B5C-4AE7-AE76-8479C673DD62}"
EndProject
Project("{8BC9CEB8-8B4A-11D0-8D11-00A0C91BC942}") = "WebServer", "WebServer\WebServer.vcxproj", "{1B68C377-15BA-4161-8A98-DBFC16D28E6A}"
EndProject
Project("{8BC9CEB8-8B4A-11D0-8D11-00A0C91BC942}") = "Dump", "Dump\Dump.vcxproj", "{274ACC84-A8D6-4FE2-8A61-29F1E1C0F421}"
EndProject
Global
	GlobalSection(SolutionConfigurationPlatforms) = preSolution
		Debug|Any CPU = Debug|Any CPU
		Debug|x64 = Debug|x64
		Debug|x86 = Debug|x86
		Release|Any CPU = Release|Any CPU
		Release|x64 = Release|x64
		Release|x86 = Release|x86
	EndGlobalSection
	GlobalSection(ProjectConfigurationPlatforms) = postSolution
		{49720FD8-2A42-492C-835F-908C48E9CE67}.Debug|Any CPU.ActiveCfg = Debug|Win32
		{49720FD8-2A42-492C-835F-908C48E9CE67}.Debug|Any CPU.Build.0 = Debug|Win32
		{49720FD8-2A42-492C-835F-908C48E9CE67}.Debug|x64.ActiveCfg = Debug|x64
		{49720FD8-2A42-492C-835F-908C48E9CE67}.Debug|x64.Build.0 = Debug|x64
		{49720FD8-2A42-492C-835F-908C48E9CE67}.Debug|x86.ActiveCfg = Debug|Win32
		{49720FD8-2A42-492C-835F-908C48E9CE67}.Debug|x86.Build.0 = Debug|Win32
		{49720FD8-2A42-492C-835F-908C48E9CE67}.Release|Any CPU.ActiveCfg = Release|Win32
		{49720FD8-2A42-492C-835F-908C48E9CE67}.Release|Any CPU.Build.0 = Release|Win32
		{49720FD8-2A42-492C-835F-908C48E9CE67}.Release|x64.ActiveCfg = Release|x64
		{49720FD8-2A42-492C-835F-908C48E9CE67}.Release|x64.Build.0 = Release|x64
		{49720FD8-2A42-492C-835F-908C48E9CE67}.Release|x86.ActiveCfg = Release|Win32
		{49720FD8-2A42-492C-835F-908C48E9CE67}.Release|x86.Build.0 = Release|Win32
		{3CEA6C8E-F518-43F3-AC16-1A8347AECC9E}.Debug|Any CPU.ActiveCfg = Debug|Win32
		{3CEA6C8E-F518-43F3-AC16-1A8347AECC9E}.Debug|Any CPU.Build.0 = Debug|Win32
		{3CEA6C8E-F518-43F3-AC16-1A8347AECC9E}.Debug|x64.ActiveCfg = Debug|x64
		{3CEA6C8E-F518-43F3-AC16-1A8347AECC9E}.Debug|x64.Build.0 = Debug|x64
		{3CEA6C8E-F518-43F3-AC16-1A8347AECC9E}.Debug|x86.ActiveCfg = Debug|Win32
		{3CEA6C8E-F518-43F3-AC16-1A8347AECC9E}.Debug|x86.Build.0 = Debug|Win32
		{3CEA6C8E-F518-43F3-AC16-1A8347AECC9E}.Release|Any CPU.ActiveCfg = Release|Win32
		{3CEA6C8E-F518-43F3-AC16-1A8347AECC9E}.Release|Any CPU.Build.0 = Release|Win32
		{3CEA6C8E-F518-43F3-AC16-1A8347AECC9E}.Release|x64.ActiveCfg = Release|x64
		{3CEA6C8E-F518-43F3-AC16-1A8347AECC9E}.Release|x64.Build.0 = Release|x64
		{3CEA6C8E-F518-43F3-AC16-1A8347AECC9E}.Release|x86.ActiveCfg = Release|Win32
		{3CEA6C8E-F518-43F3-AC16-1A8347AECC9E}.Release|x86.Build.0 = Release|Win32
		{998F4B8A-6389-4F32-8977-7B6C6FA13462}.Debug|Any CPU.ActiveCfg = Debug|Win32
		{998F4B8A-6389-4F32-8977-7B6C6FA13462}.Debug|Any CPU.Build.0 = Debug|Win32
		{998F4B8A-6389-4F32-8977-7B6C6FA13462}.Debug|x64.ActiveCfg = Debug|x64
		{998F4B8A-6389-4F32-8977-7B6C6FA13462}.Debug|x64.Build.0 = Debug|x64
		{998F4B8A-6389-4F32-8977-7B6C6FA13462}.Debug|x86.ActiveCfg = Debug|Win32
		{998F4B8A-6389-4F32-8977-7B6C6FA13462}.Debug|x86.Build.0 = Debug|Win32
		{998F4B8A-6389-4F32-8977-7B6C6FA13462}.Release|Any CPU.ActiveCfg = Release|Win32
		{998F4B8A-6389-4F32-8977-7B6C6FA13462}.Release|Any CPU.Build.0 = Release|Win32
		{998F4B8A-6389-4F32-8977-7B6C6FA13462}.Release|x64.ActiveCfg = Release|x64
		{998F4B8A-6389-4F32-8977-7B6C6FA13462}.Release|x64.Build.0 = Release|x64
		{998F4B8A-6389-4F32-8977-7B6C6FA13462}.Release|x86.ActiveCfg = Release|Win32
		{998F4B8A-6389-4F32-8977-7B6C6FA13462}.Release|x86.Build.0 = Release|Win32
		{7619BEBA-684F-49BE-AB02-0E2608501993}.Debug|Any CPU.ActiveCfg = Debug|Win32
		{7619BEBA-684F-49BE-AB02-0E2608501993}.Debug|Any CPU.Build.0 = Debug|Win32
		{7619BEBA-684F-49BE-AB02-0E2608501993}.Debug|x64.ActiveCfg = Debug|x64
		{7619BEBA-684F-49BE-AB02-0E2608501993}.Debug|x64.Build.0 = Debug|x64
		{7619BEBA-684F-49BE-AB02-0E2608501993}.Debug|x86.ActiveCfg = Debug|Win32
		{7619BEBA-684F-49BE-AB02-0E2608501993}.Debug|x86.Build.0 = Debug|Win32
		{7619BEBA-684F-49BE-AB02-0E2608501993}.Release|Any CPU.ActiveCfg = Release|Win32
		{7619BEBA-684F-49BE-AB02-0E2608501993}.Release|Any CPU.Build.0 = Release|Win32
		{7619BEBA-684F-49BE-AB02-0E2608501993}.Release|x64.ActiveCfg = Release|x64
		{7619BEBA-684F-49BE-AB02-0E2608501993}.Release|x64.Build.0 = Release|x64
		{7619BEBA-684F-49BE-AB02-0E2608501993}.Release|x86.ActiveCfg = Release|Win32
		{7619BEBA-684F-49BE-AB02-0E2608501993}.Release|x86.Build.0 = Release|Win32
		{14B66485-B0DD-43E6-BC4F-18011112E18E}.Debug|Any CPU.ActiveCfg = Debug|Win32
		{14B66485-B0DD-43E6-BC4F-18011112E18E}.Debug|Any CPU.Build.0 = Debug|Win32
		{14B66485-B0DD-43E6-BC4F-18011112E18E}.Debug|x64.ActiveCfg = Debug|x64
		{14B66485-B0DD-43E6-BC4F-18011112E18E}.Debug|x64.Build.0 = Debug|x64
		{14B66485-B0DD-43E6-BC4F-18011112E18E}.Debug|x86.ActiveCfg = Debug|Win32
		{14B66485-B0DD-43E6-BC4F-18011112E18E}.Debug|x86.Build.0 = Debug|Win32
		{14B66485-B0DD-43E6-BC4F-18011112E18E}.Release|Any CPU.ActiveCfg = Release|Win32
		{14B66485-B0DD-43E6-BC4F-18011112E18E}.Release|Any CPU.Build.0 = Release|Win32
		{14B66485-B0DD-43E6-BC4F-18011112E18E}.Release|x64.ActiveCfg = Release|x64
		{14B66485-B0DD-43E6-BC4F-18011112E18E}.Release|x64.Build.0 = Release|x64
		{14B66485-B0DD-43E6-BC4F-18011112E18E}.Release|x86.ActiveCfg = Release|Win32
		{14B66485-B0DD-43E6-BC4F-18011112E18E}.Release|x86.Build.0 = Release|Win32
		{FEE2FCB8-CCAD-4389-9F86-3D54BB0A9235}.Debug|Any CPU.ActiveCfg = Debug|Win32
		{FEE2FCB8-CCAD-4389-9F86-3D54BB0A9235}.Debug|Any CPU.Build.0 = Debug|Win32
		{FEE2FCB8-CCAD-4389-9F86-3D54BB0A9235}.Debug|x64.ActiveCfg = Debug|x64
		{FEE2FCB8-CCAD-4389-9F86-3D54BB0A9235}.Debug|x64.Build.0 = Debug|x64
		{FEE2FCB8-CCAD-4389-9F86-3D54BB0A9235}.Debug|x86.ActiveCfg = Debug|Win32
		{FEE2FCB8-CCAD-4389-9F86-3D54BB0A9235}.Debug|x86.Build.0 = Debug|Win32
		{FEE2FCB8-CCAD-4389-9F86-3D54BB0A9235}.Release|Any CPU.ActiveCfg = Release|Win32
		{FEE2FCB8-CCAD-4389-9F86-3D54BB0A9235}.Release|Any CPU.Build.0 = Release|Win32
		{FEE2FCB8-CCAD-4389-9F86-3D54BB0A9235}.Release|x64.ActiveCfg = Release|x64
		{FEE2FCB8-CCAD-4389-9F86-3D54BB0A9235}.Release|x64.Build.0 = Release|x64
		{FEE2FCB8-CCAD-4389-9F86-3D54BB0A9235}.Release|x86.ActiveCfg = Release|Win32
		{FEE2FCB8-CCAD-4389-9F86-3D54BB0A9235}.Release|x86.Build.0 = Release|Win32
		{D359E5B4-5530-4560-8AA5-972200939EEA}.Debug|Any CPU.ActiveCfg = Debug|Win32
		{D359E5B4-5530-4560-8AA5-972200939EEA}.Debug|Any CPU.Build.0 = Debug|Win32
		{D359E5B4-5530-4560-8AA5-972200939EEA}.Debug|x64.ActiveCfg = Debug|x64
		{D359E5B4-5530-4560-8AA5-972200939EEA}.Debug|x64.Build.0 = Debug|x64
		{D359E5B4-5530-4560-8AA5-972200939EEA}.Debug|x86.ActiveCfg = Debug|Win32
		{D359E5B4-5530-4560-8AA5-972200939EEA}.Debug|x86.Build.0 = Debug|Win32
		{D359E5B4-5530-4560-8AA5-972200939EEA}.Release|Any CPU.ActiveCfg = Release|Win32
		{D359E5B4-5530-4560-8AA5-972200939EEA}.Release|Any CPU.Build.0 = Release|Win32
		{D359E5B4-5530-4560-8AA5-972200939EEA}.Release|x64.ActiveCfg = Release|x64
		{D359E5B4-5530-4560-8AA5-972200939EEA}.Release|x64.Build.0 = Release|x64
		{D359E5B4-5530-4560-8AA5-972200939EEA}.Release|x86.ActiveCfg = Release|Win32
		{D359E5B4-5530-4560-8AA5-972200939EEA}.Release|x86.Build.0 = Release|Win32
		{6357F0EA-13F0-4F74-A3D3-AB86652FF88F}.Debug|Any CPU.ActiveCfg = Debug|Win32
		{6357F0EA-13F0-4F74-A3D3-AB86652FF88F}.Debug|Any CPU.Build.0 = Debug|Win32
		{6357F0EA-13F0-4F74-A3D3-AB86652FF88F}.Debug|x64.ActiveCfg = Debug|x64
		{6357F0EA-13F0-4F74-A3D3-AB86652FF88F}.Debug|x64.Build.0 = Debug|x64
		{6357F0EA-13F0-4F74-A3D3-AB86652FF88F}.Debug|x86.ActiveCfg = Debug|Win32
		{6357F0EA-13F0-4F74-A3D3-AB86652FF88F}.Debug|x86.Build.0 = Debug|Win32
		{6357F0EA-13F0-4F74-A3D3-AB86652FF88F}.Release|Any CPU.ActiveCfg = Release|Win32
		{6357F0EA-13F0-4F74-A3D3-AB86652FF88F}.Release|Any CPU.Build.0 = Release|Win32
		{6357F0EA-13F0-4F74-A3D3-AB86652FF88F}.Release|x64.ActiveCfg = Release|x64
		{6357F0EA-13F0-4F74-A3D3-AB86652FF88F}.Release|x64.Build.0 = Release|x64
		{6357F0EA-13F0-4F74-A3D3-AB86652FF88F}.Release|x86.ActiveCfg = Release|Win32
		{6357F0EA-13F0-4F74-A3D3-AB86652FF88F}.Release|x86.Build.0 = Release|Win32
		{40277F6B-6A2B-4318-83D6-71E203D7D487}.Debug|Any CPU.ActiveCfg = Debug|Win32
		{40277F6B-6A2B-4318-83D6-71E203D7D487}.Debug|Any CPU.Build.0 = Debug|Win32
		{40277F6B-6A2B-4318-83D6-71E203D7D487}.Debug|x64.ActiveCfg = Debug|x64
		{40277F6B-6A2B-4318-83D6-71E203D7D487}.Debug|x64.Build.0 = Debug|x64
		{40277F6B-6A2B-4318-83D6-71E203D7D487}.Debug|x86.ActiveCfg = Debug|Win32
		{40277F6B-6A2B-4318-83D6-71E203D7D487}.Debug|x86.Build.0 = Debug|Win32
		{40277F6B-6A2B-4318-83D6-71E203D7D487}.Release|Any CPU.ActiveCfg = Release|Win32
		{40277F6B-6A2B-4318-83D6-71E203D7D487}.Release|Any CPU.Build.0 = Release|Win32
		{40277F6B-6A2B-4318-83D6-71E203D7D487}.Release|x64.ActiveCfg = Release|x64
		{40277F6B-6A2B-4318-83D6-71E203D7D487}.Release|x64.Build.0 = Release|x64
		{40277F6B-6A2B-4318-83D6-71E203D7D487}.Release|x86.ActiveCfg = Release|Win32
		{40277F6B-6A2B-4318-83D6-71E203D7D487}.Release|x86.Build.0 = Release|Win32
		{04246843-A6C8-4444-AA63-6D2FEA097E43}.Debug|Any CPU.ActiveCfg = Debug|Win32
		{04246843-A6C8-4444-AA63-6D2FEA097E43}.Debug|Any CPU.Build.0 = Debug|Win32
		{04246843-A6C8-4444-AA63-6D2FEA097E43}.Debug|x64.ActiveCfg = Debug|x64
		{04246843-A6C8-4444-AA63-6D2FEA097E43}.Debug|x64.Build.0 = Debug|x64
		{04246843-A6C8-4444-AA63-6D2FEA097E43}.Debug|x86.ActiveCfg = Debug|Win32
		{04246843-A6C8-4444-AA63-6D2FEA097E43}.Debug|x86.Build.0 = Debug|Win32
		{04246843-A6C8-4444-AA63-6D2FEA097E43}.Release|Any CPU.ActiveCfg = Release|Win32
		{04246843-A6C8-4444-AA63-6D2FEA097E43}.Release|Any CPU.Build.0 = Release|Win32
		{04246843-A6C8-4444-AA63-6D2FEA097E43}.Release|x64.ActiveCfg = Release|x64
		{04246843-A6C8-4444-AA63-6D2FEA097E43}.Release|x64.Build.0 = Release|x64
		{04246843-A6C8-4444-AA63-6D2FEA097E43}.Release|x86.ActiveCfg = Release|Win32
		{04246843-A6C8-4444-AA63-6D2FEA097E43}.Release|x86.Build.0 = Release|Win32
		{1E3879AB-E400-4482-BBC9-014F991B2BB5}.Debug|Any CPU.ActiveCfg = Debug|Win32
		{1E3879AB-E400-4482-BBC9-014F991B2BB5}.Debug|Any CPU.Build.0 = Debug|Win32
		{1E3879AB-E400-4482-BBC9-014F991B2BB5}.Debug|x64.ActiveCfg = Debug|x64
		{1E3879AB-E400-4482-BBC9-014F991B2BB5}.Debug|x64.Build.0 = Debug|x64
		{1E3879AB-E400-4482-BBC9-014F991B2BB5}.Debug|x86.ActiveCfg = Debug|Win32
		{1E3879AB-E400-4482-BBC9-014F991B2BB5}.Debug|x86.Build.0 = Debug|Win32
		{1E3879AB-E400-4482-BBC9-014F991B2BB5}.Release|Any CPU.ActiveCfg = Release|Win32
		{1E3879AB-E400-4482-BBC9-014F991B2BB5}.Release|Any CPU.Build.0 = Release|Win32
		{1E3879AB-E400-4482-BBC9-014F991B2BB5}.Release|x64.ActiveCfg = Release|x64
		{1E3879AB-E400-4482-BBC9-014F991B2BB5}.Release|x64.Build.0 = Release|x64
		{1E3879AB-E400-4482-BBC9-014F991B2BB5}.Release|x86.ActiveCfg = Release|Win32
		{1E3879AB-E400-4482-BBC9-014F991B2BB5}.Release|x86.Build.0 = Release|Win32
		{9BB2B656-D6D4-49F2-B4F8-DF3BD36E1ADB}.Debug|Any CPU.ActiveCfg = Debug|Win32
		{9BB2B656-D6D4-49F2-B4F8-DF3BD36E1ADB}.Debug|Any CPU.Build.0 = Debug|Win32
		{9BB2B656-D6D4-49F2-B4F8-DF3BD36E1ADB}.Debug|x64.ActiveCfg = Debug|x64
		{9BB2B656-D6D4-49F2-B4F8-DF3BD36E1ADB}.Debug|x64.Build.0 = Debug|x64
		{9BB2B656-D6D4-49F2-B4F8-DF3BD36E1ADB}.Debug|x86.ActiveCfg = Debug|Win32
		{9BB2B656-D6D4-49F2-B4F8-DF3BD36E1ADB}.Debug|x86.Build.0 = Debug|Win32
		{9BB2B656-D6D4-49F2-B4F8-DF3BD36E1ADB}.Release|Any CPU.ActiveCfg = Release|Win32
		{9BB2B656-D6D4-49F2-B4F8-DF3BD36E1ADB}.Release|Any CPU.Build.0 = Release|Win32
		{9BB2B656-D6D4-49F2-B4F8-DF3BD36E1ADB}.Release|x64.ActiveCfg = Release|x64
		{9BB2B656-D6D4-49F2-B4F8-DF3BD36E1ADB}.Release|x64.Build.0 = Release|x64
		{9BB2B656-D6D4-49F2-B4F8-DF3BD36E1ADB}.Release|x86.ActiveCfg = Release|Win32
		{9BB2B656-D6D4-49F2-B4F8-DF3BD36E1ADB}.Release|x86.Build.0 = Release|Win32
		{56B78232-EAE1-49AB-A929-CC01E918A7E8}.Debug|Any CPU.ActiveCfg = Debug|Win32
		{56B78232-EAE1-49AB-A929-CC01E918A7E8}.Debug|Any CPU.Build.0 = Debug|Win32
		{56B78232-EAE1-49AB-A929-CC01E918A7E8}.Debug|x64.ActiveCfg = Debug|x64
		{56B78232-EAE1-49AB-A929-CC01E918A7E8}.Debug|x64.Build.0 = Debug|x64
		{56B78232-EAE1-49AB-A929-CC01E918A7E8}.Debug|x86.ActiveCfg = Debug|Win32
		{56B78232-EAE1-49AB-A929-CC01E918A7E8}.Debug|x86.Build.0 = Debug|Win32
		{56B78232-EAE1-49AB-A929-CC01E918A7E8}.Release|Any CPU.ActiveCfg = Release|Win32
		{56B78232-EAE1-49AB-A929-CC01E918A7E8}.Release|Any CPU.Build.0 = Release|Win32
		{56B78232-EAE1-49AB-A929-CC01E918A7E8}.Release|x64.ActiveCfg = Release|x64
		{56B78232-EAE1-49AB-A929-CC01E918A7E8}.Release|x64.Build.0 = Release|x64
		{56B78232-EAE1-49AB-A929-CC01E918A7E8}.Release|x86.ActiveCfg = Release|Win32
		{56B78232-EAE1-49AB-A929-CC01E918A7E8}.Release|x86.Build.0 = Release|Win32
		{24E54B62-1B5C-4AE7-AE76-8479C673DD62}.Debug|Any CPU.ActiveCfg = Debug|Win32
		{24E54B62-1B5C-4AE7-AE76-8479C673DD62}.Debug|Any CPU.Build.0 = Debug|Win32
		{24E54B62-1B5C-4AE7-AE76-8479C673DD62}.Debug|x64.ActiveCfg = Debug|x64
		{24E54B62-1B5C-4AE7-AE76-8479C673DD62}.Debug|x64.Build.0 = Debug|x64
		{24E54B62-1B5C-4AE7-AE76-8479C673DD62}.Debug|x86.ActiveCfg = Debug|Win32
		{24E54B62-1B5C-4AE7-AE76-8479C673DD62}.Debug|x86.Build.0 = Debug|Win32
		{24E54B62-1B5C-4AE7-AE76-8479C673DD62}.Release|Any CPU.ActiveCfg = Release|Win32
		{24E54B62-1B5C-4AE7-AE76-8479C673DD62}.Release|Any CPU.Build.0 = Release|Win32
		{24E54B62-1B5C-4AE7-AE76-8479C673DD62}.Release|x64.ActiveCfg = Release|x64
		{24E54B62-1B5C-4AE7-AE76-8479C673DD62}.Release|x64.Build.0 = Release|x64
		{24E54B62-1B5C-4AE7-AE76-8479C673DD62}.Release|x86.ActiveCfg = Release|Win32
		{24E54B62-1B5C-4AE7-AE76-8479C673DD62}.Release|x86.Build.0 = Release|Win32
		{1B68C377-15BA-4161-8A98-DBFC16D28E6A}.Debug|Any CPU.ActiveCfg = Debug|Win32
		{1B68C377-15BA-4161-8A98-DBFC16D28E6A}.Debug|Any CPU.Build.0 = Debug|Win32
		{1B68C377-15BA-4161-8A98-DBFC16D28E6A}.Debug|x64.ActiveCfg = Debug|x64
		{1B68C377-15BA-4161-8A98-DBFC16D28E6A}.Debug|x64.Build.0 = Debug|x64
		{1B68C377-15BA-4161-8A98-DBFC16D28E6A}.Debug|x86.ActiveCfg = Debug|Win32
		{1B68C377-15BA-4161-8A98-DBFC16D28E6A}.Debug|x86.Build.0 = Debug|Win32
		{1B68C377-15BA-4161-8A98-DBFC16D28E6A}.Release|Any CPU.ActiveCfg = Release|Win32
		{1B68C377-15BA-4161-8A98-DBFC16D28E6A}.Release|Any CPU.Build.0 = Release|Win32
		{1B68C377-15BA-4161-8A98-DBFC16D28E6A}.Release|x64.ActiveCfg = Release|x64
		{1B68C377-15BA-4161-8A98-DBFC16D28E6A}.Release|x64.Build.0 = Release|x64
		{1B68C377-15BA-4161-8A98-DBFC16D28E6A}.Release|x86.ActiveCfg = Release|Win32
		{1B68C377-15BA-4161-8A98-DBFC16D28E6A}.Release|x86.Build.0 = Release|Win32
		{274ACC84-A8D6-4FE2-8A61-29F1E1C0F421}.Debug|Any CPU.ActiveCfg = Debug|Win32
		{274ACC84-A8D6-4FE2-8A61-29F1E1C0F421}.Debug|x64.ActiveCfg = Debug|x64
		{274ACC84-A8D6-4FE2-8A61-29F1E1C0F421}.Debug|x64.Build.0 = Debug|x64
		{274ACC84-A8D6-4FE2-8A61-29F1E1C0F421}.Debug|x86.ActiveCfg = Debug|Win32
		{274ACC84-A8D6-4FE2-8A61-29F1E1C0F421}.Debug|x86.Build.0 = Debug|Win32
		{274ACC84-A8D6-4FE2-8A61-29F1E1C0F421}.Release|Any CPU.ActiveCfg = Release|Win32
		{274ACC84-A8D6-4FE2-8A61-29F1E1C0F421}.Release|x64.ActiveCfg = Release|x64
		{274ACC84-A8D6-4FE2-8A61-29F1E1C0F421}.Release|x64.Build.0 = Release|x64
		{274ACC84-A8D6-4FE2-8A61-29F1E1C0F421}.Release|x86.ActiveCfg = Release|Win32
		{274ACC84-A8D6-4FE2-8A61-29F1E1C0F421}.Release|x86.Build.0 = Release|Win32
	EndGlobalSection
	GlobalSection(SolutionProperties) = preSolution
		HideSolutionNode = FALSE
	EndGlobalSection
	GlobalSection(ExtensibilityGlobals) = postSolution
		SolutionGuid = {59D41560-4A11-49FE-82E0-C4EAB3DB6427}
	EndGlobalSection
EndGlobal
